// !$*UTF8*$!
{
	archiveVersion = 1;
	classes = {
	};
	objectVersion = 56;
	objects = {

/* Begin PBXBuildFile section */
		FD16FB722C6E69A500D100D9 /* us_trackerApp.swift in Sources */ = {isa = PBXBuildFile; fileRef = FD16FB712C6E69A500D100D9 /* us_trackerApp.swift */; };
		FD16FB742C6E69A500D100D9 /* ContentView.swift in Sources */ = {isa = PBXBuildFile; fileRef = FD16FB732C6E69A500D100D9 /* ContentView.swift */; };
		FD16FB762C6E69A600D100D9 /* Assets.xcassets in Resources */ = {isa = PBXBuildFile; fileRef = FD16FB752C6E69A600D100D9 /* Assets.xcassets */; };
		FD16FB792C6E69A600D100D9 /* Preview Assets.xcassets in Resources */ = {isa = PBXBuildFile; fileRef = FD16FB782C6E69A600D100D9 /* Preview Assets.xcassets */; };
		FD16FB802C6E6B2300D100D9 /* WebView.swift in Sources */ = {isa = PBXBuildFile; fileRef = FD16FB7F2C6E6B2300D100D9 /* WebView.swift */; };
		FD16FB842C6E802A00D100D9 /* MatchesModel.swift in Sources */ = {isa = PBXBuildFile; fileRef = FD16FB832C6E802A00D100D9 /* MatchesModel.swift */; };
		FD16FB8A2C6EA81600D100D9 /* API.swift in Sources */ = {isa = PBXBuildFile; fileRef = FD16FB892C6EA81600D100D9 /* API.swift */; };
		FD4E84D42C706421001D128D /* PlayerViewObservable.swift in Sources */ = {isa = PBXBuildFile; fileRef = FD4E84D32C706421001D128D /* PlayerViewObservable.swift */; };
		FD5281232C77BB0800142CB2 /* Toast.swift in Sources */ = {isa = PBXBuildFile; fileRef = FD5281222C77BB0800142CB2 /* Toast.swift */; };
		FD7AFFCA2C74605F00F46EA4 /* Data.swift in Sources */ = {isa = PBXBuildFile; fileRef = FD7AFFC92C74605F00F46EA4 /* Data.swift */; };
		FD7AFFCE2C74632400F46EA4 /* MatchListObservable.swift in Sources */ = {isa = PBXBuildFile; fileRef = FD7AFFCD2C74632400F46EA4 /* MatchListObservable.swift */; };
		FD7AFFD02C74649900F46EA4 /* MatchList.swift in Sources */ = {isa = PBXBuildFile; fileRef = FD7AFFCF2C74649900F46EA4 /* MatchList.swift */; };
		FDF0FFAE2C75744200287D37 /* SDWebImageSwiftUI in Frameworks */ = {isa = PBXBuildFile; productRef = FDF0FFAD2C75744200287D37 /* SDWebImageSwiftUI */; };
		FDF2F2062C7586E800EB13EE /* LocalWebPImageView.swift in Sources */ = {isa = PBXBuildFile; fileRef = FDF2F2052C7586E800EB13EE /* LocalWebPImageView.swift */; };
/* End PBXBuildFile section */

/* Begin PBXFileReference section */
		FD16FB6E2C6E69A500D100D9 /* us-tracker.app */ = {isa = PBXFileReference; explicitFileType = wrapper.application; includeInIndex = 0; path = "us-tracker.app"; sourceTree = BUILT_PRODUCTS_DIR; };
		FD16FB712C6E69A500D100D9 /* us_trackerApp.swift */ = {isa = PBXFileReference; lastKnownFileType = sourcecode.swift; path = us_trackerApp.swift; sourceTree = "<group>"; };
		FD16FB732C6E69A500D100D9 /* ContentView.swift */ = {isa = PBXFileReference; lastKnownFileType = sourcecode.swift; path = ContentView.swift; sourceTree = "<group>"; };
		FD16FB752C6E69A600D100D9 /* Assets.xcassets */ = {isa = PBXFileReference; lastKnownFileType = folder.assetcatalog; path = Assets.xcassets; sourceTree = "<group>"; };
		FD16FB782C6E69A600D100D9 /* Preview Assets.xcassets */ = {isa = PBXFileReference; lastKnownFileType = folder.assetcatalog; path = "Preview Assets.xcassets"; sourceTree = "<group>"; };
		FD16FB7F2C6E6B2300D100D9 /* WebView.swift */ = {isa = PBXFileReference; lastKnownFileType = sourcecode.swift; path = WebView.swift; sourceTree = "<group>"; };
		FD16FB832C6E802A00D100D9 /* MatchesModel.swift */ = {isa = PBXFileReference; lastKnownFileType = sourcecode.swift; path = MatchesModel.swift; sourceTree = "<group>"; };
		FD16FB892C6EA81600D100D9 /* API.swift */ = {isa = PBXFileReference; lastKnownFileType = sourcecode.swift; path = API.swift; sourceTree = "<group>"; };
		FD4E84D32C706421001D128D /* PlayerViewObservable.swift */ = {isa = PBXFileReference; lastKnownFileType = sourcecode.swift; path = PlayerViewObservable.swift; sourceTree = "<group>"; };
		FD5281222C77BB0800142CB2 /* Toast.swift */ = {isa = PBXFileReference; lastKnownFileType = sourcecode.swift; path = Toast.swift; sourceTree = "<group>"; };
		FD7AFFC92C74605F00F46EA4 /* Data.swift */ = {isa = PBXFileReference; lastKnownFileType = sourcecode.swift; path = Data.swift; sourceTree = "<group>"; };
		FD7AFFCD2C74632400F46EA4 /* MatchListObservable.swift */ = {isa = PBXFileReference; lastKnownFileType = sourcecode.swift; path = MatchListObservable.swift; sourceTree = "<group>"; };
		FD7AFFCF2C74649900F46EA4 /* MatchList.swift */ = {isa = PBXFileReference; lastKnownFileType = sourcecode.swift; path = MatchList.swift; sourceTree = "<group>"; };
		FDF2F2052C7586E800EB13EE /* LocalWebPImageView.swift */ = {isa = PBXFileReference; lastKnownFileType = sourcecode.swift; path = LocalWebPImageView.swift; sourceTree = "<group>"; };
/* End PBXFileReference section */

/* Begin PBXFrameworksBuildPhase section */
		FD16FB6B2C6E69A500D100D9 /* Frameworks */ = {
			isa = PBXFrameworksBuildPhase;
			buildActionMask = 2147483647;
			files = (
				FDF0FFAE2C75744200287D37 /* SDWebImageSwiftUI in Frameworks */,
			);
			runOnlyForDeploymentPostprocessing = 0;
		};
/* End PBXFrameworksBuildPhase section */

/* Begin PBXGroup section */
		FD16FB652C6E69A500D100D9 = {
			isa = PBXGroup;
			children = (
				FD16FB702C6E69A500D100D9 /* us-tracker */,
				FD16FB6F2C6E69A500D100D9 /* Products */,
			);
			sourceTree = "<group>";
		};
		FD16FB6F2C6E69A500D100D9 /* Products */ = {
			isa = PBXGroup;
			children = (
				FD16FB6E2C6E69A500D100D9 /* us-tracker.app */,
			);
			name = Products;
			sourceTree = "<group>";
		};
		FD16FB702C6E69A500D100D9 /* us-tracker */ = {
			isa = PBXGroup;
			children = (
				FD16FB712C6E69A500D100D9 /* us_trackerApp.swift */,
				FD16FB732C6E69A500D100D9 /* ContentView.swift */,
				FD16FB752C6E69A600D100D9 /* Assets.xcassets */,
				FD16FB772C6E69A600D100D9 /* Preview Content */,
				FD16FB7F2C6E6B2300D100D9 /* WebView.swift */,
				FD16FB832C6E802A00D100D9 /* MatchesModel.swift */,
				FD7AFFCF2C74649900F46EA4 /* MatchList.swift */,
				FD16FB892C6EA81600D100D9 /* API.swift */,
				FD7AFFC92C74605F00F46EA4 /* Data.swift */,
				FD4E84D32C706421001D128D /* PlayerViewObservable.swift */,
				FD7AFFCD2C74632400F46EA4 /* MatchListObservable.swift */,
				FDF2F2052C7586E800EB13EE /* LocalWebPImageView.swift */,
				FD5281222C77BB0800142CB2 /* Toast.swift */,
			);
			path = "us-tracker";
			sourceTree = "<group>";
		};
		FD16FB772C6E69A600D100D9 /* Preview Content */ = {
			isa = PBXGroup;
			children = (
				FD16FB782C6E69A600D100D9 /* Preview Assets.xcassets */,
			);
			path = "Preview Content";
			sourceTree = "<group>";
		};
/* End PBXGroup section */

/* Begin PBXNativeTarget section */
		FD16FB6D2C6E69A500D100D9 /* us-tracker */ = {
			isa = PBXNativeTarget;
			buildConfigurationList = FD16FB7C2C6E69A600D100D9 /* Build configuration list for PBXNativeTarget "us-tracker" */;
			buildPhases = (
				FD16FB6A2C6E69A500D100D9 /* Sources */,
				FD16FB6B2C6E69A500D100D9 /* Frameworks */,
				FD16FB6C2C6E69A500D100D9 /* Resources */,
			);
			buildRules = (
			);
			dependencies = (
			);
			name = "us-tracker";
			packageProductDependencies = (
				FDF0FFAD2C75744200287D37 /* SDWebImageSwiftUI */,
			);
			productName = "us-tracker";
			productReference = FD16FB6E2C6E69A500D100D9 /* us-tracker.app */;
			productType = "com.apple.product-type.application";
		};
/* End PBXNativeTarget section */

/* Begin PBXProject section */
		FD16FB662C6E69A500D100D9 /* Project object */ = {
			isa = PBXProject;
			attributes = {
				BuildIndependentTargetsInParallel = 1;
				LastSwiftUpdateCheck = 1540;
				LastUpgradeCheck = 1540;
				TargetAttributes = {
					FD16FB6D2C6E69A500D100D9 = {
						CreatedOnToolsVersion = 15.4;
					};
				};
			};
			buildConfigurationList = FD16FB692C6E69A500D100D9 /* Build configuration list for PBXProject "us-tracker" */;
			compatibilityVersion = "Xcode 14.0";
			developmentRegion = en;
			hasScannedForEncodings = 0;
			knownRegions = (
				en,
				Base,
			);
			mainGroup = FD16FB652C6E69A500D100D9;
			packageReferences = (
				FDF0FFAC2C75744200287D37 /* XCRemoteSwiftPackageReference "SDWebImageSwiftUI" */,
			);
			productRefGroup = FD16FB6F2C6E69A500D100D9 /* Products */;
			projectDirPath = "";
			projectRoot = "";
			targets = (
				FD16FB6D2C6E69A500D100D9 /* us-tracker */,
			);
		};
/* End PBXProject section */

/* Begin PBXResourcesBuildPhase section */
		FD16FB6C2C6E69A500D100D9 /* Resources */ = {
			isa = PBXResourcesBuildPhase;
			buildActionMask = 2147483647;
			files = (
				FD16FB792C6E69A600D100D9 /* Preview Assets.xcassets in Resources */,
				FD16FB762C6E69A600D100D9 /* Assets.xcassets in Resources */,
			);
			runOnlyForDeploymentPostprocessing = 0;
		};
/* End PBXResourcesBuildPhase section */

/* Begin PBXSourcesBuildPhase section */
		FD16FB6A2C6E69A500D100D9 /* Sources */ = {
			isa = PBXSourcesBuildPhase;
			buildActionMask = 2147483647;
			files = (
				FD7AFFCE2C74632400F46EA4 /* MatchListObservable.swift in Sources */,
				FD16FB802C6E6B2300D100D9 /* WebView.swift in Sources */,
				FD4E84D42C706421001D128D /* PlayerViewObservable.swift in Sources */,
				FD16FB842C6E802A00D100D9 /* MatchesModel.swift in Sources */,
				FDF2F2062C7586E800EB13EE /* LocalWebPImageView.swift in Sources */,
				FD7AFFCA2C74605F00F46EA4 /* Data.swift in Sources */,
				FD16FB742C6E69A500D100D9 /* ContentView.swift in Sources */,
				FD16FB8A2C6EA81600D100D9 /* API.swift in Sources */,
				FD5281232C77BB0800142CB2 /* Toast.swift in Sources */,
				FD16FB722C6E69A500D100D9 /* us_trackerApp.swift in Sources */,
				FD7AFFD02C74649900F46EA4 /* MatchList.swift in Sources */,
			);
			runOnlyForDeploymentPostprocessing = 0;
		};
/* End PBXSourcesBuildPhase section */

/* Begin XCBuildConfiguration section */
		FD16FB7A2C6E69A600D100D9 /* Debug */ = {
			isa = XCBuildConfiguration;
			buildSettings = {
				ALWAYS_SEARCH_USER_PATHS = NO;
				ASSETCATALOG_COMPILER_GENERATE_SWIFT_ASSET_SYMBOL_EXTENSIONS = YES;
				CLANG_ANALYZER_NONNULL = YES;
				CLANG_ANALYZER_NUMBER_OBJECT_CONVERSION = YES_AGGRESSIVE;
				CLANG_CXX_LANGUAGE_STANDARD = "gnu++20";
				CLANG_ENABLE_MODULES = YES;
				CLANG_ENABLE_OBJC_ARC = YES;
				CLANG_ENABLE_OBJC_WEAK = YES;
				CLANG_WARN_BLOCK_CAPTURE_AUTORELEASING = YES;
				CLANG_WARN_BOOL_CONVERSION = YES;
				CLANG_WARN_COMMA = YES;
				CLANG_WARN_CONSTANT_CONVERSION = YES;
				CLANG_WARN_DEPRECATED_OBJC_IMPLEMENTATIONS = YES;
				CLANG_WARN_DIRECT_OBJC_ISA_USAGE = YES_ERROR;
				CLANG_WARN_DOCUMENTATION_COMMENTS = YES;
				CLANG_WARN_EMPTY_BODY = YES;
				CLANG_WARN_ENUM_CONVERSION = YES;
				CLANG_WARN_INFINITE_RECURSION = YES;
				CLANG_WARN_INT_CONVERSION = YES;
				CLANG_WARN_NON_LITERAL_NULL_CONVERSION = YES;
				CLANG_WARN_OBJC_IMPLICIT_RETAIN_SELF = YES;
				CLANG_WARN_OBJC_LITERAL_CONVERSION = YES;
				CLANG_WARN_OBJC_ROOT_CLASS = YES_ERROR;
				CLANG_WARN_QUOTED_INCLUDE_IN_FRAMEWORK_HEADER = YES;
				CLANG_WARN_RANGE_LOOP_ANALYSIS = YES;
				CLANG_WARN_STRICT_PROTOTYPES = YES;
				CLANG_WARN_SUSPICIOUS_MOVE = YES;
				CLANG_WARN_UNGUARDED_AVAILABILITY = YES_AGGRESSIVE;
				CLANG_WARN_UNREACHABLE_CODE = YES;
				CLANG_WARN__DUPLICATE_METHOD_MATCH = YES;
				COPY_PHASE_STRIP = NO;
				DEBUG_INFORMATION_FORMAT = dwarf;
				ENABLE_STRICT_OBJC_MSGSEND = YES;
				ENABLE_TESTABILITY = YES;
				ENABLE_USER_SCRIPT_SANDBOXING = YES;
				GCC_C_LANGUAGE_STANDARD = gnu17;
				GCC_DYNAMIC_NO_PIC = NO;
				GCC_NO_COMMON_BLOCKS = YES;
				GCC_OPTIMIZATION_LEVEL = 0;
				GCC_PREPROCESSOR_DEFINITIONS = (
					"DEBUG=1",
					"$(inherited)",
				);
				GCC_WARN_64_TO_32_BIT_CONVERSION = YES;
				GCC_WARN_ABOUT_RETURN_TYPE = YES_ERROR;
				GCC_WARN_UNDECLARED_SELECTOR = YES;
				GCC_WARN_UNINITIALIZED_AUTOS = YES_AGGRESSIVE;
				GCC_WARN_UNUSED_FUNCTION = YES;
				GCC_WARN_UNUSED_VARIABLE = YES;
				IPHONEOS_DEPLOYMENT_TARGET = 17.5;
				LOCALIZATION_PREFERS_STRING_CATALOGS = YES;
				MTL_ENABLE_DEBUG_INFO = INCLUDE_SOURCE;
				MTL_FAST_MATH = YES;
				ONLY_ACTIVE_ARCH = YES;
				SDKROOT = iphoneos;
				SWIFT_ACTIVE_COMPILATION_CONDITIONS = "DEBUG $(inherited)";
				SWIFT_OPTIMIZATION_LEVEL = "-Onone";
			};
			name = Debug;
		};
		FD16FB7B2C6E69A600D100D9 /* Release */ = {
			isa = XCBuildConfiguration;
			buildSettings = {
				ALWAYS_SEARCH_USER_PATHS = NO;
				ASSETCATALOG_COMPILER_GENERATE_SWIFT_ASSET_SYMBOL_EXTENSIONS = YES;
				CLANG_ANALYZER_NONNULL = YES;
				CLANG_ANALYZER_NUMBER_OBJECT_CONVERSION = YES_AGGRESSIVE;
				CLANG_CXX_LANGUAGE_STANDARD = "gnu++20";
				CLANG_ENABLE_MODULES = YES;
				CLANG_ENABLE_OBJC_ARC = YES;
				CLANG_ENABLE_OBJC_WEAK = YES;
				CLANG_WARN_BLOCK_CAPTURE_AUTORELEASING = YES;
				CLANG_WARN_BOOL_CONVERSION = YES;
				CLANG_WARN_COMMA = YES;
				CLANG_WARN_CONSTANT_CONVERSION = YES;
				CLANG_WARN_DEPRECATED_OBJC_IMPLEMENTATIONS = YES;
				CLANG_WARN_DIRECT_OBJC_ISA_USAGE = YES_ERROR;
				CLANG_WARN_DOCUMENTATION_COMMENTS = YES;
				CLANG_WARN_EMPTY_BODY = YES;
				CLANG_WARN_ENUM_CONVERSION = YES;
				CLANG_WARN_INFINITE_RECURSION = YES;
				CLANG_WARN_INT_CONVERSION = YES;
				CLANG_WARN_NON_LITERAL_NULL_CONVERSION = YES;
				CLANG_WARN_OBJC_IMPLICIT_RETAIN_SELF = YES;
				CLANG_WARN_OBJC_LITERAL_CONVERSION = YES;
				CLANG_WARN_OBJC_ROOT_CLASS = YES_ERROR;
				CLANG_WARN_QUOTED_INCLUDE_IN_FRAMEWORK_HEADER = YES;
				CLANG_WARN_RANGE_LOOP_ANALYSIS = YES;
				CLANG_WARN_STRICT_PROTOTYPES = YES;
				CLANG_WARN_SUSPICIOUS_MOVE = YES;
				CLANG_WARN_UNGUARDED_AVAILABILITY = YES_AGGRESSIVE;
				CLANG_WARN_UNREACHABLE_CODE = YES;
				CLANG_WARN__DUPLICATE_METHOD_MATCH = YES;
				COPY_PHASE_STRIP = NO;
				DEBUG_INFORMATION_FORMAT = "dwarf-with-dsym";
				ENABLE_NS_ASSERTIONS = NO;
				ENABLE_STRICT_OBJC_MSGSEND = YES;
				ENABLE_USER_SCRIPT_SANDBOXING = YES;
				GCC_C_LANGUAGE_STANDARD = gnu17;
				GCC_NO_COMMON_BLOCKS = YES;
				GCC_WARN_64_TO_32_BIT_CONVERSION = YES;
				GCC_WARN_ABOUT_RETURN_TYPE = YES_ERROR;
				GCC_WARN_UNDECLARED_SELECTOR = YES;
				GCC_WARN_UNINITIALIZED_AUTOS = YES_AGGRESSIVE;
				GCC_WARN_UNUSED_FUNCTION = YES;
				GCC_WARN_UNUSED_VARIABLE = YES;
				IPHONEOS_DEPLOYMENT_TARGET = 17.5;
				LOCALIZATION_PREFERS_STRING_CATALOGS = YES;
				MTL_ENABLE_DEBUG_INFO = NO;
				MTL_FAST_MATH = YES;
				SDKROOT = iphoneos;
				SWIFT_COMPILATION_MODE = wholemodule;
				VALIDATE_PRODUCT = YES;
			};
			name = Release;
		};
		FD16FB7D2C6E69A600D100D9 /* Debug */ = {
			isa = XCBuildConfiguration;
			buildSettings = {
				ASSETCATALOG_COMPILER_APPICON_NAME = AppIcon;
				ASSETCATALOG_COMPILER_GLOBAL_ACCENT_COLOR_NAME = AccentColor;
				CODE_SIGN_STYLE = Automatic;
				CURRENT_PROJECT_VERSION = 1;
				DEVELOPMENT_ASSET_PATHS = "\"us-tracker/Preview Content\"";
				DEVELOPMENT_TEAM = BK58SGGS27;
				ENABLE_PREVIEWS = YES;
				GENERATE_INFOPLIST_FILE = YES;
				INFOPLIST_KEY_UIApplicationSceneManifest_Generation = YES;
				INFOPLIST_KEY_UIApplicationSupportsIndirectInputEvents = YES;
				INFOPLIST_KEY_UILaunchScreen_Generation = YES;
				INFOPLIST_KEY_UISupportedInterfaceOrientations_iPad = "UIInterfaceOrientationPortrait UIInterfaceOrientationPortraitUpsideDown UIInterfaceOrientationLandscapeLeft UIInterfaceOrientationLandscapeRight";
				INFOPLIST_KEY_UISupportedInterfaceOrientations_iPhone = "UIInterfaceOrientationPortrait UIInterfaceOrientationLandscapeLeft UIInterfaceOrientationLandscapeRight";
				LD_RUNPATH_SEARCH_PATHS = (
					"$(inherited)",
					"@executable_path/Frameworks",
				);
				MARKETING_VERSION = 1.0;
				PRODUCT_BUNDLE_IDENTIFIER = "jason.us-tracker";
				PRODUCT_NAME = "$(TARGET_NAME)";
				SWIFT_EMIT_LOC_STRINGS = YES;
				SWIFT_VERSION = 5.0;
				TARGETED_DEVICE_FAMILY = "1,2";
			};
			name = Debug;
		};
		FD16FB7E2C6E69A600D100D9 /* Release */ = {
			isa = XCBuildConfiguration;
			buildSettings = {
				ASSETCATALOG_COMPILER_APPICON_NAME = AppIcon;
				ASSETCATALOG_COMPILER_GLOBAL_ACCENT_COLOR_NAME = AccentColor;
				CODE_SIGN_STYLE = Automatic;
				CURRENT_PROJECT_VERSION = 1;
				DEVELOPMENT_ASSET_PATHS = "\"us-tracker/Preview Content\"";
				DEVELOPMENT_TEAM = BK58SGGS27;
				ENABLE_PREVIEWS = YES;
				GENERATE_INFOPLIST_FILE = YES;
				INFOPLIST_KEY_UIApplicationSceneManifest_Generation = YES;
				INFOPLIST_KEY_UIApplicationSupportsIndirectInputEvents = YES;
				INFOPLIST_KEY_UILaunchScreen_Generation = YES;
				INFOPLIST_KEY_UISupportedInterfaceOrientations_iPad = "UIInterfaceOrientationPortrait UIInterfaceOrientationPortraitUpsideDown UIInterfaceOrientationLandscapeLeft UIInterfaceOrientationLandscapeRight";
				INFOPLIST_KEY_UISupportedInterfaceOrientations_iPhone = "UIInterfaceOrientationPortrait UIInterfaceOrientationLandscapeLeft UIInterfaceOrientationLandscapeRight";
				LD_RUNPATH_SEARCH_PATHS = (
					"$(inherited)",
					"@executable_path/Frameworks",
				);
				MARKETING_VERSION = 1.0;
				PRODUCT_BUNDLE_IDENTIFIER = "jason.us-tracker";
				PRODUCT_NAME = "$(TARGET_NAME)";
				SWIFT_EMIT_LOC_STRINGS = YES;
				SWIFT_VERSION = 5.0;
				TARGETED_DEVICE_FAMILY = "1,2";
			};
			name = Release;
		};
/* End XCBuildConfiguration section */

/* Begin XCConfigurationList section */
		FD16FB692C6E69A500D100D9 /* Build configuration list for PBXProject "us-tracker" */ = {
			isa = XCConfigurationList;
			buildConfigurations = (
				FD16FB7A2C6E69A600D100D9 /* Debug */,
				FD16FB7B2C6E69A600D100D9 /* Release */,
			);
			defaultConfigurationIsVisible = 0;
			defaultConfigurationName = Release;
		};
		FD16FB7C2C6E69A600D100D9 /* Build configuration list for PBXNativeTarget "us-tracker" */ = {
			isa = XCConfigurationList;
			buildConfigurations = (
				FD16FB7D2C6E69A600D100D9 /* Debug */,
				FD16FB7E2C6E69A600D100D9 /* Release */,
			);
			defaultConfigurationIsVisible = 0;
			defaultConfigurationName = Release;
		};
/* End XCConfigurationList section */

/* Begin XCRemoteSwiftPackageReference section */
		FDF0FFAC2C75744200287D37 /* XCRemoteSwiftPackageReference "SDWebImageSwiftUI" */ = {
			isa = XCRemoteSwiftPackageReference;
			repositoryURL = "https://github.com/SDWebImage/SDWebImageSwiftUI.git";
			requirement = {
				kind = upToNextMajorVersion;
				minimumVersion = 3.1.1;
			};
		};
/* End XCRemoteSwiftPackageReference section */

/* Begin XCSwiftPackageProductDependency section */
		FDF0FFAD2C75744200287D37 /* SDWebImageSwiftUI */ = {
			isa = XCSwiftPackageProductDependency;
			package = FDF0FFAC2C75744200287D37 /* XCRemoteSwiftPackageReference "SDWebImageSwiftUI" */;
			productName = SDWebImageSwiftUI;
		};
/* End XCSwiftPackageProductDependency section */
	};
	rootObject = FD16FB662C6E69A500D100D9 /* Project object */;
}
